
Microsoft Visual Studio Solution File, Format Version 12.00
# Visual Studio Version 17
VisualStudioVersion = 17.12.35527.113
MinimumVisualStudioVersion = 10.0.40219.1
Project("{2150E333-8FDC-42A3-9474-1A3956D46DE8}") = "Helpers", "Helpers", "{02EA681E-C7D8-13C7-8484-4AC65E1B71E8}"
EndProject
Project("{FAE04EC0-301F-11D3-BF4B-00C04F79EFBC}") = "Helpers", "Helpers\Helpers.csproj", "{1A3F77A6-AF09-4AC0-B9B3-58ECEFECA8B8}"
EndProject
Project("{FAE04EC0-301F-11D3-BF4B-00C04F79EFBC}") = "1754. Largest Merge Of Two Strings", "1754. Largest Merge Of Two Strings\1754. Largest Merge Of Two Strings.csproj", "{980F46DA-6CD3-4261-A580-0800756E8770}"
EndProject
Project("{FAE04EC0-301F-11D3-BF4B-00C04F79EFBC}") = "3461. Check If Digits Are Equal in String After Operations I", "3461. Check If Digits Are Equal in String After Operations I\3461. Check If Digits Are Equal in String After Operations I.csproj", "{D4AC0F3C-643E-41CA-86C8-175179158A70}"
EndProject
Project("{FAE04EC0-301F-11D3-BF4B-00C04F79EFBC}") = "2048. Next Greater Numerically Balanced Number", "2048. Next Greater Numerically Balanced Number\2048. Next Greater Numerically Balanced Number.csproj", "{E8646104-5BF2-4361-B28F-A676C80F2D70}"
EndProject
Project("{FAE04EC0-301F-11D3-BF4B-00C04F79EFBC}") = "1089. Duplicate Zeros", "1089. Duplicate Zeros\1089. Duplicate Zeros.csproj", "{7A23CD9D-FCDD-4B28-BCDA-84D923CBAC3B}"
EndProject
Project("{FAE04EC0-301F-11D3-BF4B-00C04F79EFBC}") = "2043. Simple Bank System", "2043. Simple Bank System\2043. Simple Bank System.csproj", "{35D0DC55-AF43-4DE2-9B3B-3E786436D0B9}"
EndProject
Global
	GlobalSection(SolutionConfigurationPlatforms) = preSolution
		Debug|Any CPU = Debug|Any CPU
		Release|Any CPU = Release|Any CPU
	EndGlobalSection
	GlobalSection(ProjectConfigurationPlatforms) = postSolution
		{1A3F77A6-AF09-4AC0-B9B3-58ECEFECA8B8}.Debug|Any CPU.ActiveCfg = Debug|Any CPU
		{1A3F77A6-AF09-4AC0-B9B3-58ECEFECA8B8}.Debug|Any CPU.Build.0 = Debug|Any CPU
		{1A3F77A6-AF09-4AC0-B9B3-58ECEFECA8B8}.Release|Any CPU.ActiveCfg = Release|Any CPU
		{1A3F77A6-AF09-4AC0-B9B3-58ECEFECA8B8}.Release|Any CPU.Build.0 = Release|Any CPU
		{980F46DA-6CD3-4261-A580-0800756E8770}.Debug|Any CPU.ActiveCfg = Debug|Any CPU
		{980F46DA-6CD3-4261-A580-0800756E8770}.Debug|Any CPU.Build.0 = Debug|Any CPU
		{980F46DA-6CD3-4261-A580-0800756E8770}.Release|Any CPU.ActiveCfg = Release|Any CPU
		{980F46DA-6CD3-4261-A580-0800756E8770}.Release|Any CPU.Build.0 = Release|Any CPU
		{D4AC0F3C-643E-41CA-86C8-175179158A70}.Debug|Any CPU.ActiveCfg = Debug|Any CPU
		{D4AC0F3C-643E-41CA-86C8-175179158A70}.Debug|Any CPU.Build.0 = Debug|Any CPU
		{D4AC0F3C-643E-41CA-86C8-175179158A70}.Release|Any CPU.ActiveCfg = Release|Any CPU
		{D4AC0F3C-643E-41CA-86C8-175179158A70}.Release|Any CPU.Build.0 = Release|Any CPU
		{E8646104-5BF2-4361-B28F-A676C80F2D70}.Debug|Any CPU.ActiveCfg = Debug|Any CPU
		{E8646104-5BF2-4361-B28F-A676C80F2D70}.Debug|Any CPU.Build.0 = Debug|Any CPU
		{E8646104-5BF2-4361-B28F-A676C80F2D70}.Release|Any CPU.ActiveCfg = Release|Any CPU
		{E8646104-5BF2-4361-B28F-A676C80F2D70}.Release|Any CPU.Build.0 = Release|Any CPU
		{7A23CD9D-FCDD-4B28-BCDA-84D923CBAC3B}.Debug|Any CPU.ActiveCfg = Debug|Any CPU
		{7A23CD9D-FCDD-4B28-BCDA-84D923CBAC3B}.Debug|Any CPU.Build.0 = Debug|Any CPU
		{7A23CD9D-FCDD-4B28-BCDA-84D923CBAC3B}.Release|Any CPU.ActiveCfg = Release|Any CPU
		{7A23CD9D-FCDD-4B28-BCDA-84D923CBAC3B}.Release|Any CPU.Build.0 = Release|Any CPU
		{35D0DC55-AF43-4DE2-9B3B-3E786436D0B9}.Debug|Any CPU.ActiveCfg = Debug|Any CPU
		{35D0DC55-AF43-4DE2-9B3B-3E786436D0B9}.Debug|Any CPU.Build.0 = Debug|Any CPU
		{35D0DC55-AF43-4DE2-9B3B-3E786436D0B9}.Release|Any CPU.ActiveCfg = Release|Any CPU
		{35D0DC55-AF43-4DE2-9B3B-3E786436D0B9}.Release|Any CPU.Build.0 = Release|Any CPU
	EndGlobalSection
	GlobalSection(SolutionProperties) = preSolution
		HideSolutionNode = FALSE
	EndGlobalSection
	GlobalSection(NestedProjects) = preSolution
		{1A3F77A6-AF09-4AC0-B9B3-58ECEFECA8B8} = {02EA681E-C7D8-13C7-8484-4AC65E1B71E8}
	EndGlobalSection
	GlobalSection(ExtensibilityGlobals) = postSolution
		SolutionGuid = {D241B29A-3F0B-43D4-B9D7-D7F59B6A3C5B}
	EndGlobalSection
EndGlobal
