
Microsoft Visual Studio Solution File, Format Version 12.00
# Visual Studio Version 17
VisualStudioVersion = 17.12.35527.113
MinimumVisualStudioVersion = 10.0.40219.1
Project("{FAE04EC0-301F-11D3-BF4B-00C04F79EFBC}") = "88. Merge Sorted Array", "88. Merge Sorted Array\88. Merge Sorted Array.csproj", "{462FAE3E-1502-4669-A08A-8F5ADC58CA5C}"
EndProject
Project("{FAE04EC0-301F-11D3-BF4B-00C04F79EFBC}") = "27. Remove Element", "27. Remove Element\27. Remove Element.csproj", "{8C5BA19F-3BAB-49B3-9037-B846F3D0AC61}"
EndProject
Project("{FAE04EC0-301F-11D3-BF4B-00C04F79EFBC}") = "26. Remove Duplicates from Sorted Array", "26. Remove Duplicates from Sorted Array\26. Remove Duplicates from Sorted Array.csproj", "{0805E35B-6A60-4F29-9DFC-FD567DE43135}"
EndProject
Project("{FAE04EC0-301F-11D3-BF4B-00C04F79EFBC}") = "169. Majority Element", "169. Majority Element\169. Majority Element.csproj", "{114FF373-E9B3-42C3-9641-2B121E0E13D0}"
EndProject
Project("{FAE04EC0-301F-11D3-BF4B-00C04F79EFBC}") = "189. Rotate Array", "189. Rotate Array\189. Rotate Array.csproj", "{53DF30FC-FB2C-454E-A390-648261D1E9DB}"
EndProject
Project("{FAE04EC0-301F-11D3-BF4B-00C04F79EFBC}") = "121. Best Time to Buy and Sell Stock", "121. Best Time to Buy and Sell Stock\121. Best Time to Buy and Sell Stock.csproj", "{012B3464-ABC7-452F-AAAF-C58463956EEF}"
EndProject
Project("{FAE04EC0-301F-11D3-BF4B-00C04F79EFBC}") = "122. Best Time to Buy and Sell Stock II", "122. Best Time to Buy and Sell Stock II\122. Best Time to Buy and Sell Stock II.csproj", "{5A9960BF-04CB-46EA-82BE-64BE9C539920}"
EndProject
Project("{FAE04EC0-301F-11D3-BF4B-00C04F79EFBC}") = "55. Jump Game", "55. Jump Game\55. Jump Game.csproj", "{A1C23BBE-10F1-4641-957D-1B7113F0258F}"
EndProject
Project("{FAE04EC0-301F-11D3-BF4B-00C04F79EFBC}") = "45. Jump Game II", "45. Jump Game II\45. Jump Game II.csproj", "{39245E55-438D-4C29-98C1-5B4D1A76F7DD}"
EndProject
Project("{FAE04EC0-301F-11D3-BF4B-00C04F79EFBC}") = "274. H-Index", "274. H-Index\274. H-Index.csproj", "{9A46F5CC-FD8F-45F0-8DBD-478C2F1F6EDC}"
EndProject
Project("{FAE04EC0-301F-11D3-BF4B-00C04F79EFBC}") = "380. Insert Delete GetRandom O(1)", "380. Insert Delete GetRandom O(1)\380. Insert Delete GetRandom O(1).csproj", "{06EC41EF-5C56-4548-B068-9E8EC480B51D}"
EndProject
Project("{FAE04EC0-301F-11D3-BF4B-00C04F79EFBC}") = "134. Gas Station", "134. Gas Station\134. Gas Station.csproj", "{C639C8ED-B754-478E-8616-343E27C070A5}"
EndProject
Project("{FAE04EC0-301F-11D3-BF4B-00C04F79EFBC}") = "135. Candy", "135. Candy\135. Candy.csproj", "{3A3F2E0B-7B22-47C3-8E74-9D3FDAF55380}"
EndProject
Project("{FAE04EC0-301F-11D3-BF4B-00C04F79EFBC}") = "1. Two Sum", "1. Two Sum\1. Two Sum.csproj", "{46817686-C32B-41A4-BF11-75CD5395DE5C}"
EndProject
Project("{FAE04EC0-301F-11D3-BF4B-00C04F79EFBC}") = "167. Two Sum II - Input Array Is Sorted", "167. Two Sum II - Input Array Is Sorted\167. Two Sum II - Input Array Is Sorted.csproj", "{BDC283BF-32EE-4EA8-BA8E-664E5D9EFCB9}"
EndProject
Project("{FAE04EC0-301F-11D3-BF4B-00C04F79EFBC}") = "42. Trapping Rain Water", "42. Trapping Rain Water\42. Trapping Rain Water.csproj", "{1DC00CCD-9605-4D3F-88F8-761C73C2C527}"
EndProject
Project("{FAE04EC0-301F-11D3-BF4B-00C04F79EFBC}") = "13. Roman to Integer", "13. Roman to Integer\13. Roman to Integer.csproj", "{D8B7DC66-79B2-4794-9AA4-0929F0043D00}"
EndProject
Project("{FAE04EC0-301F-11D3-BF4B-00C04F79EFBC}") = "12. Integer to Roman", "12. Integer to Roman\12. Integer to Roman.csproj", "{3851C335-29EB-4EFC-845F-B58938482B19}"
EndProject
Project("{FAE04EC0-301F-11D3-BF4B-00C04F79EFBC}") = "58. Length of Last Word", "58. Length of Last Word\58. Length of Last Word.csproj", "{4E518EBF-65F8-4652-B01E-7391F4064463}"
EndProject
Project("{FAE04EC0-301F-11D3-BF4B-00C04F79EFBC}") = "14. Longest Common Prefix", "14. Longest Common Prefix\14. Longest Common Prefix.csproj", "{7F97A149-0FD8-4ADE-B23B-8A63380178E3}"
EndProject
Global
	GlobalSection(SolutionConfigurationPlatforms) = preSolution
		Debug|Any CPU = Debug|Any CPU
		Release|Any CPU = Release|Any CPU
	EndGlobalSection
	GlobalSection(ProjectConfigurationPlatforms) = postSolution
		{462FAE3E-1502-4669-A08A-8F5ADC58CA5C}.Debug|Any CPU.ActiveCfg = Debug|Any CPU
		{462FAE3E-1502-4669-A08A-8F5ADC58CA5C}.Debug|Any CPU.Build.0 = Debug|Any CPU
		{462FAE3E-1502-4669-A08A-8F5ADC58CA5C}.Release|Any CPU.ActiveCfg = Release|Any CPU
		{462FAE3E-1502-4669-A08A-8F5ADC58CA5C}.Release|Any CPU.Build.0 = Release|Any CPU
		{8C5BA19F-3BAB-49B3-9037-B846F3D0AC61}.Debug|Any CPU.ActiveCfg = Debug|Any CPU
		{8C5BA19F-3BAB-49B3-9037-B846F3D0AC61}.Debug|Any CPU.Build.0 = Debug|Any CPU
		{8C5BA19F-3BAB-49B3-9037-B846F3D0AC61}.Release|Any CPU.ActiveCfg = Release|Any CPU
		{8C5BA19F-3BAB-49B3-9037-B846F3D0AC61}.Release|Any CPU.Build.0 = Release|Any CPU
		{0805E35B-6A60-4F29-9DFC-FD567DE43135}.Debug|Any CPU.ActiveCfg = Debug|Any CPU
		{0805E35B-6A60-4F29-9DFC-FD567DE43135}.Debug|Any CPU.Build.0 = Debug|Any CPU
		{0805E35B-6A60-4F29-9DFC-FD567DE43135}.Release|Any CPU.ActiveCfg = Release|Any CPU
		{0805E35B-6A60-4F29-9DFC-FD567DE43135}.Release|Any CPU.Build.0 = Release|Any CPU
		{114FF373-E9B3-42C3-9641-2B121E0E13D0}.Debug|Any CPU.ActiveCfg = Debug|Any CPU
		{114FF373-E9B3-42C3-9641-2B121E0E13D0}.Debug|Any CPU.Build.0 = Debug|Any CPU
		{114FF373-E9B3-42C3-9641-2B121E0E13D0}.Release|Any CPU.ActiveCfg = Release|Any CPU
		{114FF373-E9B3-42C3-9641-2B121E0E13D0}.Release|Any CPU.Build.0 = Release|Any CPU
		{53DF30FC-FB2C-454E-A390-648261D1E9DB}.Debug|Any CPU.ActiveCfg = Debug|Any CPU
		{53DF30FC-FB2C-454E-A390-648261D1E9DB}.Debug|Any CPU.Build.0 = Debug|Any CPU
		{53DF30FC-FB2C-454E-A390-648261D1E9DB}.Release|Any CPU.ActiveCfg = Release|Any CPU
		{53DF30FC-FB2C-454E-A390-648261D1E9DB}.Release|Any CPU.Build.0 = Release|Any CPU
		{012B3464-ABC7-452F-AAAF-C58463956EEF}.Debug|Any CPU.ActiveCfg = Debug|Any CPU
		{012B3464-ABC7-452F-AAAF-C58463956EEF}.Debug|Any CPU.Build.0 = Debug|Any CPU
		{012B3464-ABC7-452F-AAAF-C58463956EEF}.Release|Any CPU.ActiveCfg = Release|Any CPU
		{012B3464-ABC7-452F-AAAF-C58463956EEF}.Release|Any CPU.Build.0 = Release|Any CPU
		{5A9960BF-04CB-46EA-82BE-64BE9C539920}.Debug|Any CPU.ActiveCfg = Debug|Any CPU
		{5A9960BF-04CB-46EA-82BE-64BE9C539920}.Debug|Any CPU.Build.0 = Debug|Any CPU
		{5A9960BF-04CB-46EA-82BE-64BE9C539920}.Release|Any CPU.ActiveCfg = Release|Any CPU
		{5A9960BF-04CB-46EA-82BE-64BE9C539920}.Release|Any CPU.Build.0 = Release|Any CPU
		{A1C23BBE-10F1-4641-957D-1B7113F0258F}.Debug|Any CPU.ActiveCfg = Debug|Any CPU
		{A1C23BBE-10F1-4641-957D-1B7113F0258F}.Debug|Any CPU.Build.0 = Debug|Any CPU
		{A1C23BBE-10F1-4641-957D-1B7113F0258F}.Release|Any CPU.ActiveCfg = Release|Any CPU
		{A1C23BBE-10F1-4641-957D-1B7113F0258F}.Release|Any CPU.Build.0 = Release|Any CPU
		{39245E55-438D-4C29-98C1-5B4D1A76F7DD}.Debug|Any CPU.ActiveCfg = Debug|Any CPU
		{39245E55-438D-4C29-98C1-5B4D1A76F7DD}.Debug|Any CPU.Build.0 = Debug|Any CPU
		{39245E55-438D-4C29-98C1-5B4D1A76F7DD}.Release|Any CPU.ActiveCfg = Release|Any CPU
		{39245E55-438D-4C29-98C1-5B4D1A76F7DD}.Release|Any CPU.Build.0 = Release|Any CPU
		{9A46F5CC-FD8F-45F0-8DBD-478C2F1F6EDC}.Debug|Any CPU.ActiveCfg = Debug|Any CPU
		{9A46F5CC-FD8F-45F0-8DBD-478C2F1F6EDC}.Debug|Any CPU.Build.0 = Debug|Any CPU
		{9A46F5CC-FD8F-45F0-8DBD-478C2F1F6EDC}.Release|Any CPU.ActiveCfg = Release|Any CPU
		{9A46F5CC-FD8F-45F0-8DBD-478C2F1F6EDC}.Release|Any CPU.Build.0 = Release|Any CPU
		{06EC41EF-5C56-4548-B068-9E8EC480B51D}.Debug|Any CPU.ActiveCfg = Debug|Any CPU
		{06EC41EF-5C56-4548-B068-9E8EC480B51D}.Debug|Any CPU.Build.0 = Debug|Any CPU
		{06EC41EF-5C56-4548-B068-9E8EC480B51D}.Release|Any CPU.ActiveCfg = Release|Any CPU
		{06EC41EF-5C56-4548-B068-9E8EC480B51D}.Release|Any CPU.Build.0 = Release|Any CPU
		{C639C8ED-B754-478E-8616-343E27C070A5}.Debug|Any CPU.ActiveCfg = Debug|Any CPU
		{C639C8ED-B754-478E-8616-343E27C070A5}.Debug|Any CPU.Build.0 = Debug|Any CPU
		{C639C8ED-B754-478E-8616-343E27C070A5}.Release|Any CPU.ActiveCfg = Release|Any CPU
		{C639C8ED-B754-478E-8616-343E27C070A5}.Release|Any CPU.Build.0 = Release|Any CPU
		{3A3F2E0B-7B22-47C3-8E74-9D3FDAF55380}.Debug|Any CPU.ActiveCfg = Debug|Any CPU
		{3A3F2E0B-7B22-47C3-8E74-9D3FDAF55380}.Debug|Any CPU.Build.0 = Debug|Any CPU
		{3A3F2E0B-7B22-47C3-8E74-9D3FDAF55380}.Release|Any CPU.ActiveCfg = Release|Any CPU
		{3A3F2E0B-7B22-47C3-8E74-9D3FDAF55380}.Release|Any CPU.Build.0 = Release|Any CPU
		{46817686-C32B-41A4-BF11-75CD5395DE5C}.Debug|Any CPU.ActiveCfg = Debug|Any CPU
		{46817686-C32B-41A4-BF11-75CD5395DE5C}.Debug|Any CPU.Build.0 = Debug|Any CPU
		{46817686-C32B-41A4-BF11-75CD5395DE5C}.Release|Any CPU.ActiveCfg = Release|Any CPU
		{46817686-C32B-41A4-BF11-75CD5395DE5C}.Release|Any CPU.Build.0 = Release|Any CPU
		{BDC283BF-32EE-4EA8-BA8E-664E5D9EFCB9}.Debug|Any CPU.ActiveCfg = Debug|Any CPU
		{BDC283BF-32EE-4EA8-BA8E-664E5D9EFCB9}.Debug|Any CPU.Build.0 = Debug|Any CPU
		{BDC283BF-32EE-4EA8-BA8E-664E5D9EFCB9}.Release|Any CPU.ActiveCfg = Release|Any CPU
		{BDC283BF-32EE-4EA8-BA8E-664E5D9EFCB9}.Release|Any CPU.Build.0 = Release|Any CPU
		{1DC00CCD-9605-4D3F-88F8-761C73C2C527}.Debug|Any CPU.ActiveCfg = Debug|Any CPU
		{1DC00CCD-9605-4D3F-88F8-761C73C2C527}.Debug|Any CPU.Build.0 = Debug|Any CPU
		{1DC00CCD-9605-4D3F-88F8-761C73C2C527}.Release|Any CPU.ActiveCfg = Release|Any CPU
		{1DC00CCD-9605-4D3F-88F8-761C73C2C527}.Release|Any CPU.Build.0 = Release|Any CPU
		{D8B7DC66-79B2-4794-9AA4-0929F0043D00}.Debug|Any CPU.ActiveCfg = Debug|Any CPU
		{D8B7DC66-79B2-4794-9AA4-0929F0043D00}.Debug|Any CPU.Build.0 = Debug|Any CPU
		{D8B7DC66-79B2-4794-9AA4-0929F0043D00}.Release|Any CPU.ActiveCfg = Release|Any CPU
		{D8B7DC66-79B2-4794-9AA4-0929F0043D00}.Release|Any CPU.Build.0 = Release|Any CPU
		{3851C335-29EB-4EFC-845F-B58938482B19}.Debug|Any CPU.ActiveCfg = Debug|Any CPU
		{3851C335-29EB-4EFC-845F-B58938482B19}.Debug|Any CPU.Build.0 = Debug|Any CPU
		{3851C335-29EB-4EFC-845F-B58938482B19}.Release|Any CPU.ActiveCfg = Release|Any CPU
		{3851C335-29EB-4EFC-845F-B58938482B19}.Release|Any CPU.Build.0 = Release|Any CPU
		{4E518EBF-65F8-4652-B01E-7391F4064463}.Debug|Any CPU.ActiveCfg = Debug|Any CPU
		{4E518EBF-65F8-4652-B01E-7391F4064463}.Debug|Any CPU.Build.0 = Debug|Any CPU
		{4E518EBF-65F8-4652-B01E-7391F4064463}.Release|Any CPU.ActiveCfg = Release|Any CPU
		{4E518EBF-65F8-4652-B01E-7391F4064463}.Release|Any CPU.Build.0 = Release|Any CPU
		{7F97A149-0FD8-4ADE-B23B-8A63380178E3}.Debug|Any CPU.ActiveCfg = Debug|Any CPU
		{7F97A149-0FD8-4ADE-B23B-8A63380178E3}.Debug|Any CPU.Build.0 = Debug|Any CPU
		{7F97A149-0FD8-4ADE-B23B-8A63380178E3}.Release|Any CPU.ActiveCfg = Release|Any CPU
		{7F97A149-0FD8-4ADE-B23B-8A63380178E3}.Release|Any CPU.Build.0 = Release|Any CPU
	EndGlobalSection
	GlobalSection(SolutionProperties) = preSolution
		HideSolutionNode = FALSE
	EndGlobalSection
	GlobalSection(ExtensibilityGlobals) = postSolution
		SolutionGuid = {D241B29A-3F0B-43D4-B9D7-D7F59B6A3C5B}
	EndGlobalSection
EndGlobal
